// !$*UTF8*$!
{
	archiveVersion = 1;
	classes = {
	};
	objectVersion = 50;
	objects = {

/* Begin PBXBuildFile section */
		025C53E42274A6AA00BFD797 /* ShipListCell.swift in Sources */ = {isa = PBXBuildFile; fileRef = 025C53E32274A6AA00BFD797 /* ShipListCell.swift */; };
		025C53E62274A7CC00BFD797 /* ShipHeaderView.swift in Sources */ = {isa = PBXBuildFile; fileRef = 025C53E52274A7CC00BFD797 /* ShipHeaderView.swift */; };
		025C53E92279DFCA00BFD797 /* Kingfisher.framework in Frameworks */ = {isa = PBXBuildFile; fileRef = 025C53E82279DFCA00BFD797 /* Kingfisher.framework */; };
		025C53EE227A81F000BFD797 /* ShipDetailViewController.swift in Sources */ = {isa = PBXBuildFile; fileRef = 025C53ED227A81F000BFD797 /* ShipDetailViewController.swift */; };
		025C53F3227AA64A00BFD797 /* FBSnapshotTestCase.framework in Frameworks */ = {isa = PBXBuildFile; fileRef = 025C53EF227AA64A00BFD797 /* FBSnapshotTestCase.framework */; };
		025C53F4227AA64A00BFD797 /* Nimble_Snapshots.framework in Frameworks */ = {isa = PBXBuildFile; fileRef = 025C53F0227AA64A00BFD797 /* Nimble_Snapshots.framework */; };
		025C53F5227AA64A00BFD797 /* Quick.framework in Frameworks */ = {isa = PBXBuildFile; fileRef = 025C53F1227AA64A00BFD797 /* Quick.framework */; };
		025C53F6227AA64A00BFD797 /* Nimble.framework in Frameworks */ = {isa = PBXBuildFile; fileRef = 025C53F2227AA64A00BFD797 /* Nimble.framework */; };
		02E444F5227DCAB200EC8432 /* AppCoordinator.swift in Sources */ = {isa = PBXBuildFile; fileRef = 02E444F4227DCAB200EC8432 /* AppCoordinator.swift */; };
		02E444F9227DCADB00EC8432 /* ShipCoordinator.swift in Sources */ = {isa = PBXBuildFile; fileRef = 02E444F8227DCADB00EC8432 /* ShipCoordinator.swift */; };
		02E444FB227DCB0600EC8432 /* ShipListViewModel.swift in Sources */ = {isa = PBXBuildFile; fileRef = 02E444FA227DCB0600EC8432 /* ShipListViewModel.swift */; };
		02E444FD227DCB2100EC8432 /* ShipListViewDataSource.swift in Sources */ = {isa = PBXBuildFile; fileRef = 02E444FC227DCB2100EC8432 /* ShipListViewDataSource.swift */; };
		AA13A4D12272042300A01FA5 /* AppDelegate.swift in Sources */ = {isa = PBXBuildFile; fileRef = AA13A4D02272042300A01FA5 /* AppDelegate.swift */; };
		AA13A4D32272042400A01FA5 /* ShipListViewController.swift in Sources */ = {isa = PBXBuildFile; fileRef = AA13A4D22272042400A01FA5 /* ShipListViewController.swift */; };
		AA13A4D82272042600A01FA5 /* Assets.xcassets in Resources */ = {isa = PBXBuildFile; fileRef = AA13A4D72272042600A01FA5 /* Assets.xcassets */; };
		AA13A4DB2272042600A01FA5 /* LaunchScreen.storyboard in Resources */ = {isa = PBXBuildFile; fileRef = AA13A4D92272042600A01FA5 /* LaunchScreen.storyboard */; };
		AA2F01042272264E006B9717 /* ViewState.swift in Sources */ = {isa = PBXBuildFile; fileRef = AA2F01032272264E006B9717 /* ViewState.swift */; };
		AA2F010722722671006B9717 /* UICollectionView.swift in Sources */ = {isa = PBXBuildFile; fileRef = AA2F010622722671006B9717 /* UICollectionView.swift */; };
		AA2F010922722693006B9717 /* Optional.swift in Sources */ = {isa = PBXBuildFile; fileRef = AA2F010822722693006B9717 /* Optional.swift */; };
		AA2F010C227226F2006B9717 /* Reusable.swift in Sources */ = {isa = PBXBuildFile; fileRef = AA2F010B227226F2006B9717 /* Reusable.swift */; };
		AA2F010E227227A9006B9717 /* ViewConfiguration.swift in Sources */ = {isa = PBXBuildFile; fileRef = AA2F010D227227A9006B9717 /* ViewConfiguration.swift */; };
		AA2F011122722950006B9717 /* APIConfig.swift in Sources */ = {isa = PBXBuildFile; fileRef = AA2F011022722950006B9717 /* APIConfig.swift */; };
		AA2F011322722B25006B9717 /* Webservice.swift in Sources */ = {isa = PBXBuildFile; fileRef = AA2F011222722B25006B9717 /* Webservice.swift */; };
		AA2F01152272303D006B9717 /* Resource.swift in Sources */ = {isa = PBXBuildFile; fileRef = AA2F01142272303D006B9717 /* Resource.swift */; };
		AA2F011722723063006B9717 /* HttpMethod.swift in Sources */ = {isa = PBXBuildFile; fileRef = AA2F011622723063006B9717 /* HttpMethod.swift */; };
		AA2F011922723095006B9717 /* URLRequest.swift in Sources */ = {isa = PBXBuildFile; fileRef = AA2F011822723095006B9717 /* URLRequest.swift */; };
		AA2F011B2272319E006B9717 /* HTTPStatusCode.swift in Sources */ = {isa = PBXBuildFile; fileRef = AA2F011A2272319E006B9717 /* HTTPStatusCode.swift */; };
		AA2F011D22723309006B9717 /* Result.swift in Sources */ = {isa = PBXBuildFile; fileRef = AA2F011C22723309006B9717 /* Result.swift */; };
		AA2F011F22723B9D006B9717 /* PirateData.swift in Sources */ = {isa = PBXBuildFile; fileRef = AA2F011E22723B9D006B9717 /* PirateData.swift */; };
		AA729681227CB253003A2689 /* FBSnapshotTestCase.framework in CopyFiles */ = {isa = PBXBuildFile; fileRef = 025C53EF227AA64A00BFD797 /* FBSnapshotTestCase.framework */; settings = {ATTRIBUTES = (CodeSignOnCopy, RemoveHeadersOnCopy, ); }; };
		AA729682227CB253003A2689 /* Nimble_Snapshots.framework in CopyFiles */ = {isa = PBXBuildFile; fileRef = 025C53F0227AA64A00BFD797 /* Nimble_Snapshots.framework */; settings = {ATTRIBUTES = (CodeSignOnCopy, RemoveHeadersOnCopy, ); }; };
		AA729683227CB253003A2689 /* Nimble.framework in CopyFiles */ = {isa = PBXBuildFile; fileRef = 025C53F2227AA64A00BFD797 /* Nimble.framework */; settings = {ATTRIBUTES = (CodeSignOnCopy, RemoveHeadersOnCopy, ); }; };
		AA729684227CB253003A2689 /* Quick.framework in CopyFiles */ = {isa = PBXBuildFile; fileRef = 025C53F1227AA64A00BFD797 /* Quick.framework */; settings = {ATTRIBUTES = (CodeSignOnCopy, RemoveHeadersOnCopy, ); }; };
		AA729686227CB727003A2689 /* ReferenceImages in Resources */ = {isa = PBXBuildFile; fileRef = AA729685227CB726003A2689 /* ReferenceImages */; };
		AA72968C227CE872003A2689 /* WebserviceSpec.swift in Sources */ = {isa = PBXBuildFile; fileRef = AA72968B227CE872003A2689 /* WebserviceSpec.swift */; };
		AA72968F227CE8A7003A2689 /* JSONHelper.swift in Sources */ = {isa = PBXBuildFile; fileRef = AA72968E227CE8A7003A2689 /* JSONHelper.swift */; };
		AAE9B27B227CEBFB0042E523 /* HTTPURLResponse.swift in Sources */ = {isa = PBXBuildFile; fileRef = AAE9B27A227CEBFB0042E523 /* HTTPURLResponse.swift */; };
		AAE9B27E227CEC050042E523 /* FakeURLSession.swift in Sources */ = {isa = PBXBuildFile; fileRef = AAE9B27D227CEC050042E523 /* FakeURLSession.swift */; };
		AAE9B280227CEC7B0042E523 /* PirateShips.json in Resources */ = {isa = PBXBuildFile; fileRef = AAE9B27F227CEC7B0042E523 /* PirateShips.json */; };
		AAE9B284227CEE200042E523 /* ShipDetailViewControllerSpec.swift in Sources */ = {isa = PBXBuildFile; fileRef = AAE9B281227CEE200042E523 /* ShipDetailViewControllerSpec.swift */; };
		AAE9B285227CEE200042E523 /* ShipHeaderViewSpec.swift in Sources */ = {isa = PBXBuildFile; fileRef = AAE9B282227CEE200042E523 /* ShipHeaderViewSpec.swift */; };
		AAE9B286227CEE200042E523 /* ShipListViewControllerSpec.swift in Sources */ = {isa = PBXBuildFile; fileRef = AAE9B283227CEE200042E523 /* ShipListViewControllerSpec.swift */; };
/* End PBXBuildFile section */

/* Begin PBXContainerItemProxy section */
		AA13A4E22272042700A01FA5 /* PBXContainerItemProxy */ = {
			isa = PBXContainerItemProxy;
			containerPortal = AA13A4C52272042300A01FA5 /* Project object */;
			proxyType = 1;
			remoteGlobalIDString = AA13A4CC2272042300A01FA5;
			remoteInfo = PirateShips;
		};
/* End PBXContainerItemProxy section */

/* Begin PBXCopyFilesBuildPhase section */
		AA729680227CB23E003A2689 /* CopyFiles */ = {
			isa = PBXCopyFilesBuildPhase;
			buildActionMask = 2147483647;
			dstPath = "";
			dstSubfolderSpec = 10;
			files = (
				AA729681227CB253003A2689 /* FBSnapshotTestCase.framework in CopyFiles */,
				AA729682227CB253003A2689 /* Nimble_Snapshots.framework in CopyFiles */,
				AA729683227CB253003A2689 /* Nimble.framework in CopyFiles */,
				AA729684227CB253003A2689 /* Quick.framework in CopyFiles */,
			);
			runOnlyForDeploymentPostprocessing = 0;
		};
/* End PBXCopyFilesBuildPhase section */

/* Begin PBXFileReference section */
		025C53E32274A6AA00BFD797 /* ShipListCell.swift */ = {isa = PBXFileReference; lastKnownFileType = sourcecode.swift; path = ShipListCell.swift; sourceTree = "<group>"; };
		025C53E52274A7CC00BFD797 /* ShipHeaderView.swift */ = {isa = PBXFileReference; lastKnownFileType = sourcecode.swift; path = ShipHeaderView.swift; sourceTree = "<group>"; };
		025C53E82279DFCA00BFD797 /* Kingfisher.framework */ = {isa = PBXFileReference; lastKnownFileType = wrapper.framework; name = Kingfisher.framework; path = Carthage/Build/iOS/Kingfisher.framework; sourceTree = "<group>"; };
		025C53ED227A81F000BFD797 /* ShipDetailViewController.swift */ = {isa = PBXFileReference; lastKnownFileType = sourcecode.swift; path = ShipDetailViewController.swift; sourceTree = "<group>"; };
		025C53EF227AA64A00BFD797 /* FBSnapshotTestCase.framework */ = {isa = PBXFileReference; lastKnownFileType = wrapper.framework; name = FBSnapshotTestCase.framework; path = Carthage/Build/iOS/FBSnapshotTestCase.framework; sourceTree = "<group>"; };
		025C53F0227AA64A00BFD797 /* Nimble_Snapshots.framework */ = {isa = PBXFileReference; lastKnownFileType = wrapper.framework; name = Nimble_Snapshots.framework; path = Carthage/Build/iOS/Nimble_Snapshots.framework; sourceTree = "<group>"; };
		025C53F1227AA64A00BFD797 /* Quick.framework */ = {isa = PBXFileReference; lastKnownFileType = wrapper.framework; name = Quick.framework; path = Carthage/Build/iOS/Quick.framework; sourceTree = "<group>"; };
		025C53F2227AA64A00BFD797 /* Nimble.framework */ = {isa = PBXFileReference; lastKnownFileType = wrapper.framework; name = Nimble.framework; path = Carthage/Build/iOS/Nimble.framework; sourceTree = "<group>"; };
		02E444F4227DCAB200EC8432 /* AppCoordinator.swift */ = {isa = PBXFileReference; lastKnownFileType = sourcecode.swift; path = AppCoordinator.swift; sourceTree = "<group>"; };
		02E444F8227DCADB00EC8432 /* ShipCoordinator.swift */ = {isa = PBXFileReference; lastKnownFileType = sourcecode.swift; path = ShipCoordinator.swift; sourceTree = "<group>"; };
		02E444FA227DCB0600EC8432 /* ShipListViewModel.swift */ = {isa = PBXFileReference; lastKnownFileType = sourcecode.swift; path = ShipListViewModel.swift; sourceTree = "<group>"; };
		02E444FC227DCB2100EC8432 /* ShipListViewDataSource.swift */ = {isa = PBXFileReference; lastKnownFileType = sourcecode.swift; path = ShipListViewDataSource.swift; sourceTree = "<group>"; };
		AA13A4CD2272042300A01FA5 /* PirateShips.app */ = {isa = PBXFileReference; explicitFileType = wrapper.application; includeInIndex = 0; path = PirateShips.app; sourceTree = BUILT_PRODUCTS_DIR; };
		AA13A4D02272042300A01FA5 /* AppDelegate.swift */ = {isa = PBXFileReference; lastKnownFileType = sourcecode.swift; path = AppDelegate.swift; sourceTree = "<group>"; };
		AA13A4D22272042400A01FA5 /* ShipListViewController.swift */ = {isa = PBXFileReference; lastKnownFileType = sourcecode.swift; path = ShipListViewController.swift; sourceTree = "<group>"; };
		AA13A4D72272042600A01FA5 /* Assets.xcassets */ = {isa = PBXFileReference; lastKnownFileType = folder.assetcatalog; path = Assets.xcassets; sourceTree = "<group>"; };
		AA13A4DA2272042600A01FA5 /* Base */ = {isa = PBXFileReference; lastKnownFileType = file.storyboard; name = Base; path = Base.lproj/LaunchScreen.storyboard; sourceTree = "<group>"; };
		AA13A4DC2272042600A01FA5 /* Info.plist */ = {isa = PBXFileReference; lastKnownFileType = text.plist.xml; path = Info.plist; sourceTree = "<group>"; };
		AA13A4E12272042700A01FA5 /* PirateShipsTests.xctest */ = {isa = PBXFileReference; explicitFileType = wrapper.cfbundle; includeInIndex = 0; path = PirateShipsTests.xctest; sourceTree = BUILT_PRODUCTS_DIR; };
		AA13A4E72272042700A01FA5 /* Info.plist */ = {isa = PBXFileReference; lastKnownFileType = text.plist.xml; path = Info.plist; sourceTree = "<group>"; };
		AA2F01032272264E006B9717 /* ViewState.swift */ = {isa = PBXFileReference; lastKnownFileType = sourcecode.swift; path = ViewState.swift; sourceTree = "<group>"; };
		AA2F010622722671006B9717 /* UICollectionView.swift */ = {isa = PBXFileReference; lastKnownFileType = sourcecode.swift; path = UICollectionView.swift; sourceTree = "<group>"; };
		AA2F010822722693006B9717 /* Optional.swift */ = {isa = PBXFileReference; lastKnownFileType = sourcecode.swift; path = Optional.swift; sourceTree = "<group>"; };
		AA2F010B227226F2006B9717 /* Reusable.swift */ = {isa = PBXFileReference; lastKnownFileType = sourcecode.swift; path = Reusable.swift; sourceTree = "<group>"; };
		AA2F010D227227A9006B9717 /* ViewConfiguration.swift */ = {isa = PBXFileReference; lastKnownFileType = sourcecode.swift; path = ViewConfiguration.swift; sourceTree = "<group>"; };
		AA2F011022722950006B9717 /* APIConfig.swift */ = {isa = PBXFileReference; lastKnownFileType = sourcecode.swift; path = APIConfig.swift; sourceTree = "<group>"; };
		AA2F011222722B25006B9717 /* Webservice.swift */ = {isa = PBXFileReference; lastKnownFileType = sourcecode.swift; path = Webservice.swift; sourceTree = "<group>"; };
		AA2F01142272303D006B9717 /* Resource.swift */ = {isa = PBXFileReference; lastKnownFileType = sourcecode.swift; path = Resource.swift; sourceTree = "<group>"; };
		AA2F011622723063006B9717 /* HttpMethod.swift */ = {isa = PBXFileReference; lastKnownFileType = sourcecode.swift; path = HttpMethod.swift; sourceTree = "<group>"; };
		AA2F011822723095006B9717 /* URLRequest.swift */ = {isa = PBXFileReference; lastKnownFileType = sourcecode.swift; path = URLRequest.swift; sourceTree = "<group>"; };
		AA2F011A2272319E006B9717 /* HTTPStatusCode.swift */ = {isa = PBXFileReference; lastKnownFileType = sourcecode.swift; path = HTTPStatusCode.swift; sourceTree = "<group>"; };
		AA2F011C22723309006B9717 /* Result.swift */ = {isa = PBXFileReference; lastKnownFileType = sourcecode.swift; path = Result.swift; sourceTree = "<group>"; };
		AA2F011E22723B9D006B9717 /* PirateData.swift */ = {isa = PBXFileReference; lastKnownFileType = sourcecode.swift; path = PirateData.swift; sourceTree = "<group>"; };
		AA729685227CB726003A2689 /* ReferenceImages */ = {isa = PBXFileReference; lastKnownFileType = folder; path = ReferenceImages; sourceTree = "<group>"; };
		AA72968B227CE872003A2689 /* WebserviceSpec.swift */ = {isa = PBXFileReference; lastKnownFileType = sourcecode.swift; path = WebserviceSpec.swift; sourceTree = "<group>"; };
		AA72968E227CE8A7003A2689 /* JSONHelper.swift */ = {isa = PBXFileReference; lastKnownFileType = sourcecode.swift; path = JSONHelper.swift; sourceTree = "<group>"; };
		AAE9B27A227CEBFB0042E523 /* HTTPURLResponse.swift */ = {isa = PBXFileReference; fileEncoding = 4; lastKnownFileType = sourcecode.swift; path = HTTPURLResponse.swift; sourceTree = "<group>"; };
		AAE9B27D227CEC050042E523 /* FakeURLSession.swift */ = {isa = PBXFileReference; fileEncoding = 4; lastKnownFileType = sourcecode.swift; path = FakeURLSession.swift; sourceTree = "<group>"; };
		AAE9B27F227CEC7B0042E523 /* PirateShips.json */ = {isa = PBXFileReference; lastKnownFileType = text.json; path = PirateShips.json; sourceTree = "<group>"; };
		AAE9B281227CEE200042E523 /* ShipDetailViewControllerSpec.swift */ = {isa = PBXFileReference; fileEncoding = 4; lastKnownFileType = sourcecode.swift; path = ShipDetailViewControllerSpec.swift; sourceTree = "<group>"; };
		AAE9B282227CEE200042E523 /* ShipHeaderViewSpec.swift */ = {isa = PBXFileReference; fileEncoding = 4; lastKnownFileType = sourcecode.swift; path = ShipHeaderViewSpec.swift; sourceTree = "<group>"; };
		AAE9B283227CEE200042E523 /* ShipListViewControllerSpec.swift */ = {isa = PBXFileReference; fileEncoding = 4; lastKnownFileType = sourcecode.swift; path = ShipListViewControllerSpec.swift; sourceTree = "<group>"; };
/* End PBXFileReference section */

/* Begin PBXFrameworksBuildPhase section */
		AA13A4CA2272042300A01FA5 /* Frameworks */ = {
			isa = PBXFrameworksBuildPhase;
			buildActionMask = 2147483647;
			files = (
				025C53E92279DFCA00BFD797 /* Kingfisher.framework in Frameworks */,
			);
			runOnlyForDeploymentPostprocessing = 0;
		};
		AA13A4DE2272042700A01FA5 /* Frameworks */ = {
			isa = PBXFrameworksBuildPhase;
			buildActionMask = 2147483647;
			files = (
				025C53F3227AA64A00BFD797 /* FBSnapshotTestCase.framework in Frameworks */,
				025C53F4227AA64A00BFD797 /* Nimble_Snapshots.framework in Frameworks */,
				025C53F5227AA64A00BFD797 /* Quick.framework in Frameworks */,
				025C53F6227AA64A00BFD797 /* Nimble.framework in Frameworks */,
			);
			runOnlyForDeploymentPostprocessing = 0;
		};
/* End PBXFrameworksBuildPhase section */

/* Begin PBXGroup section */
		025C53E72279DFCA00BFD797 /* Frameworks */ = {
			isa = PBXGroup;
			children = (
				025C53EF227AA64A00BFD797 /* FBSnapshotTestCase.framework */,
				025C53F0227AA64A00BFD797 /* Nimble_Snapshots.framework */,
				025C53F2227AA64A00BFD797 /* Nimble.framework */,
				025C53F1227AA64A00BFD797 /* Quick.framework */,
				025C53E82279DFCA00BFD797 /* Kingfisher.framework */,
			);
			name = Frameworks;
			sourceTree = "<group>";
		};
		025C53EB227A817E00BFD797 /* ShipList */ = {
			isa = PBXGroup;
			children = (
				AA13A4D22272042400A01FA5 /* ShipListViewController.swift */,
				025C53E32274A6AA00BFD797 /* ShipListCell.swift */,
			);
			path = ShipList;
			sourceTree = "<group>";
		};
		025C53EC227A81A400BFD797 /* Model */ = {
			isa = PBXGroup;
			children = (
				AA2F011E22723B9D006B9717 /* PirateData.swift */,
			);
			path = Model;
			sourceTree = "<group>";
		};
		02E444F3227DCA1300EC8432 /* ShipDetail */ = {
			isa = PBXGroup;
			children = (
				025C53ED227A81F000BFD797 /* ShipDetailViewController.swift */,
			);
			path = ShipDetail;
			sourceTree = "<group>";
		};
		AA13A4C42272042300A01FA5 = {
			isa = PBXGroup;
			children = (
				AA13A4CF2272042300A01FA5 /* PirateShips */,
				AA13A4E42272042700A01FA5 /* PirateShipsTests */,
				AA13A4CE2272042300A01FA5 /* Products */,
				025C53E72279DFCA00BFD797 /* Frameworks */,
			);
			sourceTree = "<group>";
		};
		AA13A4CE2272042300A01FA5 /* Products */ = {
			isa = PBXGroup;
			children = (
				AA13A4CD2272042300A01FA5 /* PirateShips.app */,
				AA13A4E12272042700A01FA5 /* PirateShipsTests.xctest */,
			);
			name = Products;
			sourceTree = "<group>";
		};
		AA13A4CF2272042300A01FA5 /* PirateShips */ = {
			isa = PBXGroup;
			children = (
				AA13A4F022721D7B00A01FA5 /* CommonTypes */,
				AA2F010522722663006B9717 /* Extensions */,
				025C53EC227A81A400BFD797 /* Model */,
				AA2F010F2272293E006B9717 /* Network */,
				AA2F010A227226E5006B9717 /* Protocols */,
				02E444F3227DCA1300EC8432 /* ShipDetail */,
				025C53EB227A817E00BFD797 /* ShipList */,
				AA13A4D02272042300A01FA5 /* AppDelegate.swift */,
				AA13A4D72272042600A01FA5 /* Assets.xcassets */,
				AA13A4D92272042600A01FA5 /* LaunchScreen.storyboard */,
				AA13A4DC2272042600A01FA5 /* Info.plist */,
				02E444F4227DCAB200EC8432 /* AppCoordinator.swift */,
				02E444F8227DCADB00EC8432 /* ShipCoordinator.swift */,
				02E444FA227DCB0600EC8432 /* ShipListViewModel.swift */,
				02E444FC227DCB2100EC8432 /* ShipListViewDataSource.swift */,
			);
			path = PirateShips;
			sourceTree = "<group>";
		};
		AA13A4E42272042700A01FA5 /* PirateShipsTests */ = {
			isa = PBXGroup;
			children = (
				AAE9B287227CEE2A0042E523 /* Tests */,
				AAE9B27C227CEC050042E523 /* FakeObjects */,
				AAE9B279227CEBFB0042E523 /* Extensions */,
				AA729690227CE8BB003A2689 /* Fixtures */,
				AA72968D227CE898003A2689 /* Helpers */,
				AA729685227CB726003A2689 /* ReferenceImages */,
				AA13A4E72272042700A01FA5 /* Info.plist */,
			);
			path = PirateShipsTests;
			sourceTree = "<group>";
		};
		AA13A4F022721D7B00A01FA5 /* CommonTypes */ = {
			isa = PBXGroup;
			children = (
				025C53E52274A7CC00BFD797 /* ShipHeaderView.swift */,
				AA2F01032272264E006B9717 /* ViewState.swift */,
			);
			path = CommonTypes;
			sourceTree = "<group>";
		};
		AA2F010522722663006B9717 /* Extensions */ = {
			isa = PBXGroup;
			children = (
				AA2F010622722671006B9717 /* UICollectionView.swift */,
				AA2F010822722693006B9717 /* Optional.swift */,
				AA2F011822723095006B9717 /* URLRequest.swift */,
				AA2F011C22723309006B9717 /* Result.swift */,
			);
			path = Extensions;
			sourceTree = "<group>";
		};
		AA2F010A227226E5006B9717 /* Protocols */ = {
			isa = PBXGroup;
			children = (
				AA2F010B227226F2006B9717 /* Reusable.swift */,
				AA2F010D227227A9006B9717 /* ViewConfiguration.swift */,
			);
			path = Protocols;
			sourceTree = "<group>";
		};
		AA2F010F2272293E006B9717 /* Network */ = {
			isa = PBXGroup;
			children = (
				AA2F011022722950006B9717 /* APIConfig.swift */,
				AA2F011222722B25006B9717 /* Webservice.swift */,
				AA2F01142272303D006B9717 /* Resource.swift */,
				AA2F011622723063006B9717 /* HttpMethod.swift */,
				AA2F011A2272319E006B9717 /* HTTPStatusCode.swift */,
			);
			path = Network;
			sourceTree = "<group>";
		};
		AA72968D227CE898003A2689 /* Helpers */ = {
			isa = PBXGroup;
			children = (
				AA72968E227CE8A7003A2689 /* JSONHelper.swift */,
			);
			path = Helpers;
			sourceTree = "<group>";
		};
		AA729690227CE8BB003A2689 /* Fixtures */ = {
			isa = PBXGroup;
			children = (
				AAE9B27F227CEC7B0042E523 /* PirateShips.json */,
			);
			path = Fixtures;
			sourceTree = "<group>";
		};
		AAE9B279227CEBFB0042E523 /* Extensions */ = {
			isa = PBXGroup;
			children = (
				AAE9B27A227CEBFB0042E523 /* HTTPURLResponse.swift */,
			);
			path = Extensions;
			sourceTree = "<group>";
		};
		AAE9B27C227CEC050042E523 /* FakeObjects */ = {
			isa = PBXGroup;
			children = (
				AAE9B27D227CEC050042E523 /* FakeURLSession.swift */,
			);
			path = FakeObjects;
			sourceTree = "<group>";
		};
		AAE9B287227CEE2A0042E523 /* Tests */ = {
			isa = PBXGroup;
			children = (
				AAE9B281227CEE200042E523 /* ShipDetailViewControllerSpec.swift */,
				AAE9B282227CEE200042E523 /* ShipHeaderViewSpec.swift */,
				AAE9B283227CEE200042E523 /* ShipListViewControllerSpec.swift */,
				AA72968B227CE872003A2689 /* WebserviceSpec.swift */,
			);
			path = Tests;
			sourceTree = "<group>";
		};
/* End PBXGroup section */

/* Begin PBXNativeTarget section */
		AA13A4CC2272042300A01FA5 /* PirateShips */ = {
			isa = PBXNativeTarget;
			buildConfigurationList = AA13A4EA2272042700A01FA5 /* Build configuration list for PBXNativeTarget "PirateShips" */;
			buildPhases = (
				AAE9B288227CF5740042E523 /* Swiftlint */,
				AAE9B28A227CFB140042E523 /* swiftformat */,
				AA13A4C92272042300A01FA5 /* Sources */,
				AA13A4CA2272042300A01FA5 /* Frameworks */,
				AA13A4CB2272042300A01FA5 /* Resources */,
				025C53EA2279DFE400BFD797 /* Carthage */,
			);
			buildRules = (
			);
			dependencies = (
			);
			name = PirateShips;
			productName = PirateShips;
			productReference = AA13A4CD2272042300A01FA5 /* PirateShips.app */;
			productType = "com.apple.product-type.application";
		};
		AA13A4E02272042700A01FA5 /* PirateShipsTests */ = {
			isa = PBXNativeTarget;
			buildConfigurationList = AA13A4ED2272042700A01FA5 /* Build configuration list for PBXNativeTarget "PirateShipsTests" */;
			buildPhases = (
				AA13A4DD2272042700A01FA5 /* Sources */,
				AA13A4DE2272042700A01FA5 /* Frameworks */,
				AA13A4DF2272042700A01FA5 /* Resources */,
				AA729680227CB23E003A2689 /* CopyFiles */,
			);
			buildRules = (
			);
			dependencies = (
				AA13A4E32272042700A01FA5 /* PBXTargetDependency */,
			);
			name = PirateShipsTests;
			productName = PirateShipsTests;
			productReference = AA13A4E12272042700A01FA5 /* PirateShipsTests.xctest */;
			productType = "com.apple.product-type.bundle.unit-test";
		};
/* End PBXNativeTarget section */

/* Begin PBXProject section */
		AA13A4C52272042300A01FA5 /* Project object */ = {
			isa = PBXProject;
			attributes = {
				LastSwiftUpdateCheck = 1020;
				LastUpgradeCheck = 1020;
				ORGANIZATIONNAME = tales.andrade;
				TargetAttributes = {
					AA13A4CC2272042300A01FA5 = {
						CreatedOnToolsVersion = 10.2;
					};
					AA13A4E02272042700A01FA5 = {
						CreatedOnToolsVersion = 10.2;
						TestTargetID = AA13A4CC2272042300A01FA5;
					};
				};
			};
			buildConfigurationList = AA13A4C82272042300A01FA5 /* Build configuration list for PBXProject "PirateShips" */;
			compatibilityVersion = "Xcode 9.3";
			developmentRegion = en;
			hasScannedForEncodings = 0;
			knownRegions = (
				en,
				Base,
			);
			mainGroup = AA13A4C42272042300A01FA5;
			productRefGroup = AA13A4CE2272042300A01FA5 /* Products */;
			projectDirPath = "";
			projectRoot = "";
			targets = (
				AA13A4CC2272042300A01FA5 /* PirateShips */,
				AA13A4E02272042700A01FA5 /* PirateShipsTests */,
			);
		};
/* End PBXProject section */

/* Begin PBXResourcesBuildPhase section */
		AA13A4CB2272042300A01FA5 /* Resources */ = {
			isa = PBXResourcesBuildPhase;
			buildActionMask = 2147483647;
			files = (
				AA13A4DB2272042600A01FA5 /* LaunchScreen.storyboard in Resources */,
				AA13A4D82272042600A01FA5 /* Assets.xcassets in Resources */,
			);
			runOnlyForDeploymentPostprocessing = 0;
		};
		AA13A4DF2272042700A01FA5 /* Resources */ = {
			isa = PBXResourcesBuildPhase;
			buildActionMask = 2147483647;
			files = (
				AAE9B280227CEC7B0042E523 /* PirateShips.json in Resources */,
				AA729686227CB727003A2689 /* ReferenceImages in Resources */,
			);
			runOnlyForDeploymentPostprocessing = 0;
		};
/* End PBXResourcesBuildPhase section */

/* Begin PBXShellScriptBuildPhase section */
		025C53EA2279DFE400BFD797 /* Carthage */ = {
			isa = PBXShellScriptBuildPhase;
			buildActionMask = 2147483647;
			files = (
			);
			inputFileListPaths = (
			);
			inputPaths = (
				"$(SRCROOT)/Carthage/Build/iOS/Kingfisher.framework",
			);
			name = Carthage;
			outputFileListPaths = (
			);
			outputPaths = (
				"$(BUILT_PRODUCTS_DIR)/$(FRAMEWORKS_FOLDER_PATH)/Kingfisher.framework",
			);
			runOnlyForDeploymentPostprocessing = 0;
			shellPath = /bin/sh;
			shellScript = "# Type a script or drag a script file from your workspace to insert its path.\n/usr/local/bin/carthage copy-frameworks\n";
		};
		AAE9B288227CF5740042E523 /* Swiftlint */ = {
			isa = PBXShellScriptBuildPhase;
			buildActionMask = 2147483647;
			files = (
			);
			inputFileListPaths = (
			);
			inputPaths = (
			);
			name = Swiftlint;
			outputFileListPaths = (
			);
			outputPaths = (
			);
			runOnlyForDeploymentPostprocessing = 0;
			shellPath = /bin/sh;
			shellScript = "# Type a script or drag a script file from your workspace to insert its path.\nif [ -x \"$(command -v swiftlint)\" ]; then\n    swiftlint autocorrect\nfi\n";
		};
		AAE9B28A227CFB140042E523 /* swiftformat */ = {
			isa = PBXShellScriptBuildPhase;
			buildActionMask = 2147483647;
			files = (
			);
			inputFileListPaths = (
			);
			inputPaths = (
			);
			name = swiftformat;
			outputFileListPaths = (
			);
			outputPaths = (
			);
			runOnlyForDeploymentPostprocessing = 0;
			shellPath = /bin/sh;
			shellScript = "# Type a script or drag a script file from your workspace to insert its path.\nif [ -x \"$(command -v swiftformat)\" ]; then\n    swiftformat .\nfi\n";
		};
/* End PBXShellScriptBuildPhase section */

/* Begin PBXSourcesBuildPhase section */
		AA13A4C92272042300A01FA5 /* Sources */ = {
			isa = PBXSourcesBuildPhase;
			buildActionMask = 2147483647;
			files = (
				AA2F010C227226F2006B9717 /* Reusable.swift in Sources */,
				AA13A4D32272042400A01FA5 /* ShipListViewController.swift in Sources */,
				AA2F011122722950006B9717 /* APIConfig.swift in Sources */,
				02E444FD227DCB2100EC8432 /* ShipListViewDataSource.swift in Sources */,
				025C53E62274A7CC00BFD797 /* ShipHeaderView.swift in Sources */,
				AA2F011922723095006B9717 /* URLRequest.swift in Sources */,
				AA2F011D22723309006B9717 /* Result.swift in Sources */,
				AA2F01152272303D006B9717 /* Resource.swift in Sources */,
				AA2F011F22723B9D006B9717 /* PirateData.swift in Sources */,
				02E444F9227DCADB00EC8432 /* ShipCoordinator.swift in Sources */,
				AA2F011722723063006B9717 /* HttpMethod.swift in Sources */,
				AA2F011B2272319E006B9717 /* HTTPStatusCode.swift in Sources */,
				025C53EE227A81F000BFD797 /* ShipDetailViewController.swift in Sources */,
				AA2F010922722693006B9717 /* Optional.swift in Sources */,
				AA2F010722722671006B9717 /* UICollectionView.swift in Sources */,
				AA13A4D12272042300A01FA5 /* AppDelegate.swift in Sources */,
				025C53E42274A6AA00BFD797 /* ShipListCell.swift in Sources */,
				02E444FB227DCB0600EC8432 /* ShipListViewModel.swift in Sources */,
				02E444F5227DCAB200EC8432 /* AppCoordinator.swift in Sources */,
				AA2F010E227227A9006B9717 /* ViewConfiguration.swift in Sources */,
				AA2F01042272264E006B9717 /* ViewState.swift in Sources */,
				AA2F011322722B25006B9717 /* Webservice.swift in Sources */,
			);
			runOnlyForDeploymentPostprocessing = 0;
		};
		AA13A4DD2272042700A01FA5 /* Sources */ = {
			isa = PBXSourcesBuildPhase;
			buildActionMask = 2147483647;
			files = (
				AAE9B284227CEE200042E523 /* ShipDetailViewControllerSpec.swift in Sources */,
				AA72968C227CE872003A2689 /* WebserviceSpec.swift in Sources */,
				AAE9B27E227CEC050042E523 /* FakeURLSession.swift in Sources */,
				AA72968F227CE8A7003A2689 /* JSONHelper.swift in Sources */,
				AAE9B285227CEE200042E523 /* ShipHeaderViewSpec.swift in Sources */,
				AAE9B27B227CEBFB0042E523 /* HTTPURLResponse.swift in Sources */,
				AAE9B286227CEE200042E523 /* ShipListViewControllerSpec.swift in Sources */,
			);
			runOnlyForDeploymentPostprocessing = 0;
		};
/* End PBXSourcesBuildPhase section */

/* Begin PBXTargetDependency section */
		AA13A4E32272042700A01FA5 /* PBXTargetDependency */ = {
			isa = PBXTargetDependency;
			target = AA13A4CC2272042300A01FA5 /* PirateShips */;
			targetProxy = AA13A4E22272042700A01FA5 /* PBXContainerItemProxy */;
		};
/* End PBXTargetDependency section */

/* Begin PBXVariantGroup section */
		AA13A4D92272042600A01FA5 /* LaunchScreen.storyboard */ = {
			isa = PBXVariantGroup;
			children = (
				AA13A4DA2272042600A01FA5 /* Base */,
			);
			name = LaunchScreen.storyboard;
			sourceTree = "<group>";
		};
/* End PBXVariantGroup section */

/* Begin XCBuildConfiguration section */
		AA13A4E82272042700A01FA5 /* Debug */ = {
			isa = XCBuildConfiguration;
			buildSettings = {
				ALWAYS_SEARCH_USER_PATHS = NO;
				CLANG_ANALYZER_NONNULL = YES;
				CLANG_ANALYZER_NUMBER_OBJECT_CONVERSION = YES_AGGRESSIVE;
				CLANG_CXX_LANGUAGE_STANDARD = "gnu++14";
				CLANG_CXX_LIBRARY = "libc++";
				CLANG_ENABLE_MODULES = YES;
				CLANG_ENABLE_OBJC_ARC = YES;
				CLANG_ENABLE_OBJC_WEAK = YES;
				CLANG_WARN_BLOCK_CAPTURE_AUTORELEASING = YES;
				CLANG_WARN_BOOL_CONVERSION = YES;
				CLANG_WARN_COMMA = YES;
				CLANG_WARN_CONSTANT_CONVERSION = YES;
				CLANG_WARN_DEPRECATED_OBJC_IMPLEMENTATIONS = YES;
				CLANG_WARN_DIRECT_OBJC_ISA_USAGE = YES_ERROR;
				CLANG_WARN_DOCUMENTATION_COMMENTS = YES;
				CLANG_WARN_EMPTY_BODY = YES;
				CLANG_WARN_ENUM_CONVERSION = YES;
				CLANG_WARN_INFINITE_RECURSION = YES;
				CLANG_WARN_INT_CONVERSION = YES;
				CLANG_WARN_NON_LITERAL_NULL_CONVERSION = YES;
				CLANG_WARN_OBJC_IMPLICIT_RETAIN_SELF = YES;
				CLANG_WARN_OBJC_LITERAL_CONVERSION = YES;
				CLANG_WARN_OBJC_ROOT_CLASS = YES_ERROR;
				CLANG_WARN_RANGE_LOOP_ANALYSIS = YES;
				CLANG_WARN_STRICT_PROTOTYPES = YES;
				CLANG_WARN_SUSPICIOUS_MOVE = YES;
				CLANG_WARN_UNGUARDED_AVAILABILITY = YES_AGGRESSIVE;
				CLANG_WARN_UNREACHABLE_CODE = YES;
				CLANG_WARN__DUPLICATE_METHOD_MATCH = YES;
				CODE_SIGN_IDENTITY = "iPhone Developer";
				COPY_PHASE_STRIP = NO;
				DEBUG_INFORMATION_FORMAT = dwarf;
				ENABLE_STRICT_OBJC_MSGSEND = YES;
				ENABLE_TESTABILITY = YES;
				GCC_C_LANGUAGE_STANDARD = gnu11;
				GCC_DYNAMIC_NO_PIC = NO;
				GCC_NO_COMMON_BLOCKS = YES;
				GCC_OPTIMIZATION_LEVEL = 0;
				GCC_PREPROCESSOR_DEFINITIONS = (
					"DEBUG=1",
					"$(inherited)",
				);
				GCC_WARN_64_TO_32_BIT_CONVERSION = YES;
				GCC_WARN_ABOUT_RETURN_TYPE = YES_ERROR;
				GCC_WARN_UNDECLARED_SELECTOR = YES;
				GCC_WARN_UNINITIALIZED_AUTOS = YES_AGGRESSIVE;
				GCC_WARN_UNUSED_FUNCTION = YES;
				GCC_WARN_UNUSED_VARIABLE = YES;
				IPHONEOS_DEPLOYMENT_TARGET = 12.2;
				MTL_ENABLE_DEBUG_INFO = INCLUDE_SOURCE;
				MTL_FAST_MATH = YES;
				ONLY_ACTIVE_ARCH = YES;
				SDKROOT = iphoneos;
				SWIFT_ACTIVE_COMPILATION_CONDITIONS = DEBUG;
				SWIFT_OPTIMIZATION_LEVEL = "-Onone";
			};
			name = Debug;
		};
		AA13A4E92272042700A01FA5 /* Release */ = {
			isa = XCBuildConfiguration;
			buildSettings = {
				ALWAYS_SEARCH_USER_PATHS = NO;
				CLANG_ANALYZER_NONNULL = YES;
				CLANG_ANALYZER_NUMBER_OBJECT_CONVERSION = YES_AGGRESSIVE;
				CLANG_CXX_LANGUAGE_STANDARD = "gnu++14";
				CLANG_CXX_LIBRARY = "libc++";
				CLANG_ENABLE_MODULES = YES;
				CLANG_ENABLE_OBJC_ARC = YES;
				CLANG_ENABLE_OBJC_WEAK = YES;
				CLANG_WARN_BLOCK_CAPTURE_AUTORELEASING = YES;
				CLANG_WARN_BOOL_CONVERSION = YES;
				CLANG_WARN_COMMA = YES;
				CLANG_WARN_CONSTANT_CONVERSION = YES;
				CLANG_WARN_DEPRECATED_OBJC_IMPLEMENTATIONS = YES;
				CLANG_WARN_DIRECT_OBJC_ISA_USAGE = YES_ERROR;
				CLANG_WARN_DOCUMENTATION_COMMENTS = YES;
				CLANG_WARN_EMPTY_BODY = YES;
				CLANG_WARN_ENUM_CONVERSION = YES;
				CLANG_WARN_INFINITE_RECURSION = YES;
				CLANG_WARN_INT_CONVERSION = YES;
				CLANG_WARN_NON_LITERAL_NULL_CONVERSION = YES;
				CLANG_WARN_OBJC_IMPLICIT_RETAIN_SELF = YES;
				CLANG_WARN_OBJC_LITERAL_CONVERSION = YES;
				CLANG_WARN_OBJC_ROOT_CLASS = YES_ERROR;
				CLANG_WARN_RANGE_LOOP_ANALYSIS = YES;
				CLANG_WARN_STRICT_PROTOTYPES = YES;
				CLANG_WARN_SUSPICIOUS_MOVE = YES;
				CLANG_WARN_UNGUARDED_AVAILABILITY = YES_AGGRESSIVE;
				CLANG_WARN_UNREACHABLE_CODE = YES;
				CLANG_WARN__DUPLICATE_METHOD_MATCH = YES;
				CODE_SIGN_IDENTITY = "iPhone Developer";
				COPY_PHASE_STRIP = NO;
				DEBUG_INFORMATION_FORMAT = "dwarf-with-dsym";
				ENABLE_NS_ASSERTIONS = NO;
				ENABLE_STRICT_OBJC_MSGSEND = YES;
				GCC_C_LANGUAGE_STANDARD = gnu11;
				GCC_NO_COMMON_BLOCKS = YES;
				GCC_WARN_64_TO_32_BIT_CONVERSION = YES;
				GCC_WARN_ABOUT_RETURN_TYPE = YES_ERROR;
				GCC_WARN_UNDECLARED_SELECTOR = YES;
				GCC_WARN_UNINITIALIZED_AUTOS = YES_AGGRESSIVE;
				GCC_WARN_UNUSED_FUNCTION = YES;
				GCC_WARN_UNUSED_VARIABLE = YES;
				IPHONEOS_DEPLOYMENT_TARGET = 12.2;
				MTL_ENABLE_DEBUG_INFO = NO;
				MTL_FAST_MATH = YES;
				SDKROOT = iphoneos;
				SWIFT_COMPILATION_MODE = wholemodule;
				SWIFT_OPTIMIZATION_LEVEL = "-O";
				VALIDATE_PRODUCT = YES;
			};
			name = Release;
		};
		AA13A4EB2272042700A01FA5 /* Debug */ = {
			isa = XCBuildConfiguration;
			buildSettings = {
				ASSETCATALOG_COMPILER_APPICON_NAME = AppIcon;
				CODE_SIGN_STYLE = Automatic;
				FRAMEWORK_SEARCH_PATHS = (
					"$(inherited)",
					"$(PROJECT_DIR)/Carthage/Build/iOS",
				);
				INFOPLIST_FILE = PirateShips/Info.plist;
				LD_RUNPATH_SEARCH_PATHS = (
					"$(inherited)",
					"@executable_path/Frameworks",
				);
				PRODUCT_BUNDLE_IDENTIFIER = com.talesp.PirateShips;
				PRODUCT_NAME = "$(TARGET_NAME)";
				SWIFT_VERSION = 5.0;
				TARGETED_DEVICE_FAMILY = "1,2";
			};
			name = Debug;
		};
		AA13A4EC2272042700A01FA5 /* Release */ = {
			isa = XCBuildConfiguration;
			buildSettings = {
				ASSETCATALOG_COMPILER_APPICON_NAME = AppIcon;
				CODE_SIGN_STYLE = Automatic;
				FRAMEWORK_SEARCH_PATHS = (
					"$(inherited)",
					"$(PROJECT_DIR)/Carthage/Build/iOS",
				);
				INFOPLIST_FILE = PirateShips/Info.plist;
				LD_RUNPATH_SEARCH_PATHS = (
					"$(inherited)",
					"@executable_path/Frameworks",
				);
				PRODUCT_BUNDLE_IDENTIFIER = com.talesp.PirateShips;
				PRODUCT_NAME = "$(TARGET_NAME)";
				SWIFT_VERSION = 5.0;
				TARGETED_DEVICE_FAMILY = "1,2";
			};
			name = Release;
		};
		AA13A4EE2272042700A01FA5 /* Debug */ = {
			isa = XCBuildConfiguration;
			buildSettings = {
				ALWAYS_EMBED_SWIFT_STANDARD_LIBRARIES = YES;
				BUNDLE_LOADER = "$(TEST_HOST)";
				CODE_SIGN_STYLE = Automatic;
				FRAMEWORK_SEARCH_PATHS = (
					"$(inherited)",
					"$(PROJECT_DIR)/Carthage/Build/iOS",
				);
				INFOPLIST_FILE = PirateShipsTests/Info.plist;
				LD_RUNPATH_SEARCH_PATHS = (
					"$(inherited)",
					"@executable_path/Frameworks",
					"@loader_path/Frameworks",
					"$(SRCROOT)/../../Carthage/Build/iOS",
				);
				PRODUCT_BUNDLE_IDENTIFIER = com.talesp.PirateShipsTests;
				PRODUCT_NAME = "$(TARGET_NAME)";
				SWIFT_VERSION = 5.0;
				TARGETED_DEVICE_FAMILY = "1,2";
				TEST_HOST = "$(BUILT_PRODUCTS_DIR)/PirateShips.app/PirateShips";
			};
			name = Debug;
		};
		AA13A4EF2272042700A01FA5 /* Release */ = {
			isa = XCBuildConfiguration;
			buildSettings = {
				ALWAYS_EMBED_SWIFT_STANDARD_LIBRARIES = YES;
				BUNDLE_LOADER = "$(TEST_HOST)";
				CODE_SIGN_STYLE = Automatic;
				FRAMEWORK_SEARCH_PATHS = (
					"$(inherited)",
					"$(PROJECT_DIR)/Carthage/Build/iOS",
				);
				INFOPLIST_FILE = PirateShipsTests/Info.plist;
				LD_RUNPATH_SEARCH_PATHS = (
					"$(inherited)",
					"@executable_path/Frameworks",
					"@loader_path/Frameworks",
					"$(SRCROOT)/../../Carthage/Build/iOS",
				);
				PRODUCT_BUNDLE_IDENTIFIER = com.talesp.PirateShipsTests;
				PRODUCT_NAME = "$(TARGET_NAME)";
				SWIFT_VERSION = 5.0;
				TARGETED_DEVICE_FAMILY = "1,2";
				TEST_HOST = "$(BUILT_PRODUCTS_DIR)/PirateShips.app/PirateShips";
			};
			name = Release;
		};
/* End XCBuildConfiguration section */

/* Begin XCConfigurationList section */
		AA13A4C82272042300A01FA5 /* Build configuration list for PBXProject "PirateShips" */ = {
			isa = XCConfigurationList;
			buildConfigurations = (
				AA13A4E82272042700A01FA5 /* Debug */,
				AA13A4E92272042700A01FA5 /* Release */,
			);
			defaultConfigurationIsVisible = 0;
			defaultConfigurationName = Release;
		};
		AA13A4EA2272042700A01FA5 /* Build configuration list for PBXNativeTarget "PirateShips" */ = {
			isa = XCConfigurationList;
			buildConfigurations = (
				AA13A4EB2272042700A01FA5 /* Debug */,
				AA13A4EC2272042700A01FA5 /* Release */,
			);
			defaultConfigurationIsVisible = 0;
			defaultConfigurationName = Release;
		};
		AA13A4ED2272042700A01FA5 /* Build configuration list for PBXNativeTarget "PirateShipsTests" */ = {
			isa = XCConfigurationList;
			buildConfigurations = (
				AA13A4EE2272042700A01FA5 /* Debug */,
				AA13A4EF2272042700A01FA5 /* Release */,
			);
			defaultConfigurationIsVisible = 0;
			defaultConfigurationName = Release;
		};
/* End XCConfigurationList section */
	};
	rootObject = AA13A4C52272042300A01FA5 /* Project object */;
}
