// !$*UTF8*$!
{
	archiveVersion = 1;
	classes = {
	};
	objectVersion = 50;
	objects = {

/* Begin PBXBuildFile section */
		025C53E42274A6AA00BFD797 /* ShipListCell.swift in Sources */ = {isa = PBXBuildFile; fileRef = 025C53E32274A6AA00BFD797 /* ShipListCell.swift */; };
		025C53E62274A7CC00BFD797 /* ShipHeaderView.swift in Sources */ = {isa = PBXBuildFile; fileRef = 025C53E52274A7CC00BFD797 /* ShipHeaderView.swift */; };
		AA13A4D12272042300A01FA5 /* AppDelegate.swift in Sources */ = {isa = PBXBuildFile; fileRef = AA13A4D02272042300A01FA5 /* AppDelegate.swift */; };
		AA13A4D32272042400A01FA5 /* ShipListViewController.swift in Sources */ = {isa = PBXBuildFile; fileRef = AA13A4D22272042400A01FA5 /* ShipListViewController.swift */; };
		AA13A4D82272042600A01FA5 /* Assets.xcassets in Resources */ = {isa = PBXBuildFile; fileRef = AA13A4D72272042600A01FA5 /* Assets.xcassets */; };
		AA13A4DB2272042600A01FA5 /* LaunchScreen.storyboard in Resources */ = {isa = PBXBuildFile; fileRef = AA13A4D92272042600A01FA5 /* LaunchScreen.storyboard */; };
		AA13A4E62272042700A01FA5 /* PirateShipsTests.swift in Sources */ = {isa = PBXBuildFile; fileRef = AA13A4E52272042700A01FA5 /* PirateShipsTests.swift */; };
		AA2F01042272264E006B9717 /* ViewState.swift in Sources */ = {isa = PBXBuildFile; fileRef = AA2F01032272264E006B9717 /* ViewState.swift */; };
		AA2F010722722671006B9717 /* UICollectionView.swift in Sources */ = {isa = PBXBuildFile; fileRef = AA2F010622722671006B9717 /* UICollectionView.swift */; };
		AA2F010922722693006B9717 /* Optional.swift in Sources */ = {isa = PBXBuildFile; fileRef = AA2F010822722693006B9717 /* Optional.swift */; };
		AA2F010C227226F2006B9717 /* Reusable.swift in Sources */ = {isa = PBXBuildFile; fileRef = AA2F010B227226F2006B9717 /* Reusable.swift */; };
		AA2F010E227227A9006B9717 /* ViewConfiguration.swift in Sources */ = {isa = PBXBuildFile; fileRef = AA2F010D227227A9006B9717 /* ViewConfiguration.swift */; };
		AA2F011122722950006B9717 /* APIConfig.swift in Sources */ = {isa = PBXBuildFile; fileRef = AA2F011022722950006B9717 /* APIConfig.swift */; };
		AA2F011322722B25006B9717 /* Webservice.swift in Sources */ = {isa = PBXBuildFile; fileRef = AA2F011222722B25006B9717 /* Webservice.swift */; };
		AA2F01152272303D006B9717 /* Resource.swift in Sources */ = {isa = PBXBuildFile; fileRef = AA2F01142272303D006B9717 /* Resource.swift */; };
		AA2F011722723063006B9717 /* HttpMethod.swift in Sources */ = {isa = PBXBuildFile; fileRef = AA2F011622723063006B9717 /* HttpMethod.swift */; };
		AA2F011922723095006B9717 /* URLRequest.swift in Sources */ = {isa = PBXBuildFile; fileRef = AA2F011822723095006B9717 /* URLRequest.swift */; };
		AA2F011B2272319E006B9717 /* HTTPStatusCode.swift in Sources */ = {isa = PBXBuildFile; fileRef = AA2F011A2272319E006B9717 /* HTTPStatusCode.swift */; };
		AA2F011D22723309006B9717 /* Result.swift in Sources */ = {isa = PBXBuildFile; fileRef = AA2F011C22723309006B9717 /* Result.swift */; };
		AA2F011F22723B9D006B9717 /* PirateData.swift in Sources */ = {isa = PBXBuildFile; fileRef = AA2F011E22723B9D006B9717 /* PirateData.swift */; };
/* End PBXBuildFile section */

/* Begin PBXContainerItemProxy section */
		AA13A4E22272042700A01FA5 /* PBXContainerItemProxy */ = {
			isa = PBXContainerItemProxy;
			containerPortal = AA13A4C52272042300A01FA5 /* Project object */;
			proxyType = 1;
			remoteGlobalIDString = AA13A4CC2272042300A01FA5;
			remoteInfo = PirateShips;
		};
/* End PBXContainerItemProxy section */

/* Begin PBXFileReference section */
		025C53E32274A6AA00BFD797 /* ShipListCell.swift */ = {isa = PBXFileReference; lastKnownFileType = sourcecode.swift; path = ShipListCell.swift; sourceTree = "<group>"; };
		025C53E52274A7CC00BFD797 /* ShipHeaderView.swift */ = {isa = PBXFileReference; lastKnownFileType = sourcecode.swift; path = ShipHeaderView.swift; sourceTree = "<group>"; };
		AA13A4CD2272042300A01FA5 /* PirateShips.app */ = {isa = PBXFileReference; explicitFileType = wrapper.application; includeInIndex = 0; path = PirateShips.app; sourceTree = BUILT_PRODUCTS_DIR; };
		AA13A4D02272042300A01FA5 /* AppDelegate.swift */ = {isa = PBXFileReference; lastKnownFileType = sourcecode.swift; path = AppDelegate.swift; sourceTree = "<group>"; };
		AA13A4D22272042400A01FA5 /* ShipListViewController.swift */ = {isa = PBXFileReference; lastKnownFileType = sourcecode.swift; path = ShipListViewController.swift; sourceTree = "<group>"; };
		AA13A4D72272042600A01FA5 /* Assets.xcassets */ = {isa = PBXFileReference; lastKnownFileType = folder.assetcatalog; path = Assets.xcassets; sourceTree = "<group>"; };
		AA13A4DA2272042600A01FA5 /* Base */ = {isa = PBXFileReference; lastKnownFileType = file.storyboard; name = Base; path = Base.lproj/LaunchScreen.storyboard; sourceTree = "<group>"; };
		AA13A4DC2272042600A01FA5 /* Info.plist */ = {isa = PBXFileReference; lastKnownFileType = text.plist.xml; path = Info.plist; sourceTree = "<group>"; };
		AA13A4E12272042700A01FA5 /* PirateShipsTests.xctest */ = {isa = PBXFileReference; explicitFileType = wrapper.cfbundle; includeInIndex = 0; path = PirateShipsTests.xctest; sourceTree = BUILT_PRODUCTS_DIR; };
		AA13A4E52272042700A01FA5 /* PirateShipsTests.swift */ = {isa = PBXFileReference; lastKnownFileType = sourcecode.swift; path = PirateShipsTests.swift; sourceTree = "<group>"; };
		AA13A4E72272042700A01FA5 /* Info.plist */ = {isa = PBXFileReference; lastKnownFileType = text.plist.xml; path = Info.plist; sourceTree = "<group>"; };
		AA2F01032272264E006B9717 /* ViewState.swift */ = {isa = PBXFileReference; lastKnownFileType = sourcecode.swift; path = ViewState.swift; sourceTree = "<group>"; };
		AA2F010622722671006B9717 /* UICollectionView.swift */ = {isa = PBXFileReference; lastKnownFileType = sourcecode.swift; path = UICollectionView.swift; sourceTree = "<group>"; };
		AA2F010822722693006B9717 /* Optional.swift */ = {isa = PBXFileReference; lastKnownFileType = sourcecode.swift; path = Optional.swift; sourceTree = "<group>"; };
		AA2F010B227226F2006B9717 /* Reusable.swift */ = {isa = PBXFileReference; lastKnownFileType = sourcecode.swift; path = Reusable.swift; sourceTree = "<group>"; };
		AA2F010D227227A9006B9717 /* ViewConfiguration.swift */ = {isa = PBXFileReference; lastKnownFileType = sourcecode.swift; path = ViewConfiguration.swift; sourceTree = "<group>"; };
		AA2F011022722950006B9717 /* APIConfig.swift */ = {isa = PBXFileReference; lastKnownFileType = sourcecode.swift; path = APIConfig.swift; sourceTree = "<group>"; };
		AA2F011222722B25006B9717 /* Webservice.swift */ = {isa = PBXFileReference; lastKnownFileType = sourcecode.swift; path = Webservice.swift; sourceTree = "<group>"; };
		AA2F01142272303D006B9717 /* Resource.swift */ = {isa = PBXFileReference; lastKnownFileType = sourcecode.swift; path = Resource.swift; sourceTree = "<group>"; };
		AA2F011622723063006B9717 /* HttpMethod.swift */ = {isa = PBXFileReference; lastKnownFileType = sourcecode.swift; path = HttpMethod.swift; sourceTree = "<group>"; };
		AA2F011822723095006B9717 /* URLRequest.swift */ = {isa = PBXFileReference; lastKnownFileType = sourcecode.swift; path = URLRequest.swift; sourceTree = "<group>"; };
		AA2F011A2272319E006B9717 /* HTTPStatusCode.swift */ = {isa = PBXFileReference; lastKnownFileType = sourcecode.swift; path = HTTPStatusCode.swift; sourceTree = "<group>"; };
		AA2F011C22723309006B9717 /* Result.swift */ = {isa = PBXFileReference; lastKnownFileType = sourcecode.swift; path = Result.swift; sourceTree = "<group>"; };
		AA2F011E22723B9D006B9717 /* PirateData.swift */ = {isa = PBXFileReference; lastKnownFileType = sourcecode.swift; path = PirateData.swift; sourceTree = "<group>"; };
/* End PBXFileReference section */

/* Begin PBXFrameworksBuildPhase section */
		AA13A4CA2272042300A01FA5 /* Frameworks */ = {
			isa = PBXFrameworksBuildPhase;
			buildActionMask = 2147483647;
			files = (
			);
			runOnlyForDeploymentPostprocessing = 0;
		};
		AA13A4DE2272042700A01FA5 /* Frameworks */ = {
			isa = PBXFrameworksBuildPhase;
			buildActionMask = 2147483647;
			files = (
			);
			runOnlyForDeploymentPostprocessing = 0;
		};
/* End PBXFrameworksBuildPhase section */

/* Begin PBXGroup section */
		AA13A4C42272042300A01FA5 = {
			isa = PBXGroup;
			children = (
				AA13A4CF2272042300A01FA5 /* PirateShips */,
				AA13A4E42272042700A01FA5 /* PirateShipsTests */,
				AA13A4CE2272042300A01FA5 /* Products */,
			);
			sourceTree = "<group>";
		};
		AA13A4CE2272042300A01FA5 /* Products */ = {
			isa = PBXGroup;
			children = (
				AA13A4CD2272042300A01FA5 /* PirateShips.app */,
				AA13A4E12272042700A01FA5 /* PirateShipsTests.xctest */,
			);
			name = Products;
			sourceTree = "<group>";
		};
		AA13A4CF2272042300A01FA5 /* PirateShips */ = {
			isa = PBXGroup;
			children = (
				AA2F010F2272293E006B9717 /* Network */,
				AA13A4F022721D7B00A01FA5 /* CommonTypes */,
				AA2F010522722663006B9717 /* Extensions */,
				AA2F010A227226E5006B9717 /* Protocols */,
				AA13A4D02272042300A01FA5 /* AppDelegate.swift */,
				AA13A4D22272042400A01FA5 /* ShipListViewController.swift */,
				AA13A4D72272042600A01FA5 /* Assets.xcassets */,
				AA13A4D92272042600A01FA5 /* LaunchScreen.storyboard */,
				AA13A4DC2272042600A01FA5 /* Info.plist */,
				AA2F011E22723B9D006B9717 /* PirateData.swift */,
				025C53E32274A6AA00BFD797 /* ShipListCell.swift */,
				025C53E52274A7CC00BFD797 /* ShipHeaderView.swift */,
			);
			path = PirateShips;
			sourceTree = "<group>";
		};
		AA13A4E42272042700A01FA5 /* PirateShipsTests */ = {
			isa = PBXGroup;
			children = (
				AA13A4E52272042700A01FA5 /* PirateShipsTests.swift */,
				AA13A4E72272042700A01FA5 /* Info.plist */,
			);
			path = PirateShipsTests;
			sourceTree = "<group>";
		};
		AA13A4F022721D7B00A01FA5 /* CommonTypes */ = {
			isa = PBXGroup;
			children = (
				AA2F01032272264E006B9717 /* ViewState.swift */,
			);
			path = CommonTypes;
			sourceTree = "<group>";
		};
		AA2F010522722663006B9717 /* Extensions */ = {
			isa = PBXGroup;
			children = (
				AA2F010622722671006B9717 /* UICollectionView.swift */,
				AA2F010822722693006B9717 /* Optional.swift */,
				AA2F011822723095006B9717 /* URLRequest.swift */,
				AA2F011C22723309006B9717 /* Result.swift */,
			);
			path = Extensions;
			sourceTree = "<group>";
		};
		AA2F010A227226E5006B9717 /* Protocols */ = {
			isa = PBXGroup;
			children = (
				AA2F010B227226F2006B9717 /* Reusable.swift */,
				AA2F010D227227A9006B9717 /* ViewConfiguration.swift */,
			);
			path = Protocols;
			sourceTree = "<group>";
		};
		AA2F010F2272293E006B9717 /* Network */ = {
			isa = PBXGroup;
			children = (
				AA2F011022722950006B9717 /* APIConfig.swift */,
				AA2F011222722B25006B9717 /* Webservice.swift */,
				AA2F01142272303D006B9717 /* Resource.swift */,
				AA2F011622723063006B9717 /* HttpMethod.swift */,
				AA2F011A2272319E006B9717 /* HTTPStatusCode.swift */,
			);
			path = Network;
			sourceTree = "<group>";
		};
/* End PBXGroup section */

/* Begin PBXNativeTarget section */
		AA13A4CC2272042300A01FA5 /* PirateShips */ = {
			isa = PBXNativeTarget;
			buildConfigurationList = AA13A4EA2272042700A01FA5 /* Build configuration list for PBXNativeTarget "PirateShips" */;
			buildPhases = (
				AA13A4C92272042300A01FA5 /* Sources */,
				AA13A4CA2272042300A01FA5 /* Frameworks */,
				AA13A4CB2272042300A01FA5 /* Resources */,
			);
			buildRules = (
			);
			dependencies = (
			);
			name = PirateShips;
			productName = PirateShips;
			productReference = AA13A4CD2272042300A01FA5 /* PirateShips.app */;
			productType = "com.apple.product-type.application";
		};
		AA13A4E02272042700A01FA5 /* PirateShipsTests */ = {
			isa = PBXNativeTarget;
			buildConfigurationList = AA13A4ED2272042700A01FA5 /* Build configuration list for PBXNativeTarget "PirateShipsTests" */;
			buildPhases = (
				AA13A4DD2272042700A01FA5 /* Sources */,
				AA13A4DE2272042700A01FA5 /* Frameworks */,
				AA13A4DF2272042700A01FA5 /* Resources */,
			);
			buildRules = (
			);
			dependencies = (
				AA13A4E32272042700A01FA5 /* PBXTargetDependency */,
			);
			name = PirateShipsTests;
			productName = PirateShipsTests;
			productReference = AA13A4E12272042700A01FA5 /* PirateShipsTests.xctest */;
			productType = "com.apple.product-type.bundle.unit-test";
		};
/* End PBXNativeTarget section */

/* Begin PBXProject section */
		AA13A4C52272042300A01FA5 /* Project object */ = {
			isa = PBXProject;
			attributes = {
				LastSwiftUpdateCheck = 1020;
				LastUpgradeCheck = 1020;
				ORGANIZATIONNAME = tales.andrade;
				TargetAttributes = {
					AA13A4CC2272042300A01FA5 = {
						CreatedOnToolsVersion = 10.2;
					};
					AA13A4E02272042700A01FA5 = {
						CreatedOnToolsVersion = 10.2;
						TestTargetID = AA13A4CC2272042300A01FA5;
					};
				};
			};
			buildConfigurationList = AA13A4C82272042300A01FA5 /* Build configuration list for PBXProject "PirateShips" */;
			compatibilityVersion = "Xcode 9.3";
			developmentRegion = en;
			hasScannedForEncodings = 0;
			knownRegions = (
				en,
				Base,
			);
			mainGroup = AA13A4C42272042300A01FA5;
			productRefGroup = AA13A4CE2272042300A01FA5 /* Products */;
			projectDirPath = "";
			projectRoot = "";
			targets = (
				AA13A4CC2272042300A01FA5 /* PirateShips */,
				AA13A4E02272042700A01FA5 /* PirateShipsTests */,
			);
		};
/* End PBXProject section */

/* Begin PBXResourcesBuildPhase section */
		AA13A4CB2272042300A01FA5 /* Resources */ = {
			isa = PBXResourcesBuildPhase;
			buildActionMask = 2147483647;
			files = (
				AA13A4DB2272042600A01FA5 /* LaunchScreen.storyboard in Resources */,
				AA13A4D82272042600A01FA5 /* Assets.xcassets in Resources */,
			);
			runOnlyForDeploymentPostprocessing = 0;
		};
		AA13A4DF2272042700A01FA5 /* Resources */ = {
			isa = PBXResourcesBuildPhase;
			buildActionMask = 2147483647;
			files = (
			);
			runOnlyForDeploymentPostprocessing = 0;
		};
/* End PBXResourcesBuildPhase section */

/* Begin PBXSourcesBuildPhase section */
		AA13A4C92272042300A01FA5 /* Sources */ = {
			isa = PBXSourcesBuildPhase;
			buildActionMask = 2147483647;
			files = (
				AA2F010C227226F2006B9717 /* Reusable.swift in Sources */,
				AA13A4D32272042400A01FA5 /* ShipListViewController.swift in Sources */,
				AA2F011122722950006B9717 /* APIConfig.swift in Sources */,
				025C53E62274A7CC00BFD797 /* ShipHeaderView.swift in Sources */,
				AA2F011922723095006B9717 /* URLRequest.swift in Sources */,
				AA2F011D22723309006B9717 /* Result.swift in Sources */,
				AA2F01152272303D006B9717 /* Resource.swift in Sources */,
				AA2F011F22723B9D006B9717 /* PirateData.swift in Sources */,
				AA2F011722723063006B9717 /* HttpMethod.swift in Sources */,
				AA2F011B2272319E006B9717 /* HTTPStatusCode.swift in Sources */,
				AA2F010922722693006B9717 /* Optional.swift in Sources */,
				AA2F010722722671006B9717 /* UICollectionView.swift in Sources */,
				AA13A4D12272042300A01FA5 /* AppDelegate.swift in Sources */,
				025C53E42274A6AA00BFD797 /* ShipListCell.swift in Sources */,
				AA2F010E227227A9006B9717 /* ViewConfiguration.swift in Sources */,
				AA2F01042272264E006B9717 /* ViewState.swift in Sources */,
				AA2F011322722B25006B9717 /* Webservice.swift in Sources */,
			);
			runOnlyForDeploymentPostprocessing = 0;
		};
		AA13A4DD2272042700A01FA5 /* Sources */ = {
			isa = PBXSourcesBuildPhase;
			buildActionMask = 2147483647;
			files = (
				AA13A4E62272042700A01FA5 /* PirateShipsTests.swift in Sources */,
			);
			runOnlyForDeploymentPostprocessing = 0;
		};
/* End PBXSourcesBuildPhase section */

/* Begin PBXTargetDependency section */
		AA13A4E32272042700A01FA5 /* PBXTargetDependency */ = {
			isa = PBXTargetDependency;
			target = AA13A4CC2272042300A01FA5 /* PirateShips */;
			targetProxy = AA13A4E22272042700A01FA5 /* PBXContainerItemProxy */;
		};
/* End PBXTargetDependency section */

/* Begin PBXVariantGroup section */
		AA13A4D92272042600A01FA5 /* LaunchScreen.storyboard */ = {
			isa = PBXVariantGroup;
			children = (
				AA13A4DA2272042600A01FA5 /* Base */,
			);
			name = LaunchScreen.storyboard;
			sourceTree = "<group>";
		};
/* End PBXVariantGroup section */

/* Begin XCBuildConfiguration section */
		AA13A4E82272042700A01FA5 /* Debug */ = {
			isa = XCBuildConfiguration;
			buildSettings = {
				ALWAYS_SEARCH_USER_PATHS = NO;
				CLANG_ANALYZER_NONNULL = YES;
				CLANG_ANALYZER_NUMBER_OBJECT_CONVERSION = YES_AGGRESSIVE;
				CLANG_CXX_LANGUAGE_STANDARD = "gnu++14";
				CLANG_CXX_LIBRARY = "libc++";
				CLANG_ENABLE_MODULES = YES;
				CLANG_ENABLE_OBJC_ARC = YES;
				CLANG_ENABLE_OBJC_WEAK = YES;
				CLANG_WARN_BLOCK_CAPTURE_AUTORELEASING = YES;
				CLANG_WARN_BOOL_CONVERSION = YES;
				CLANG_WARN_COMMA = YES;
				CLANG_WARN_CONSTANT_CONVERSION = YES;
				CLANG_WARN_DEPRECATED_OBJC_IMPLEMENTATIONS = YES;
				CLANG_WARN_DIRECT_OBJC_ISA_USAGE = YES_ERROR;
				CLANG_WARN_DOCUMENTATION_COMMENTS = YES;
				CLANG_WARN_EMPTY_BODY = YES;
				CLANG_WARN_ENUM_CONVERSION = YES;
				CLANG_WARN_INFINITE_RECURSION = YES;
				CLANG_WARN_INT_CONVERSION = YES;
				CLANG_WARN_NON_LITERAL_NULL_CONVERSION = YES;
				CLANG_WARN_OBJC_IMPLICIT_RETAIN_SELF = YES;
				CLANG_WARN_OBJC_LITERAL_CONVERSION = YES;
				CLANG_WARN_OBJC_ROOT_CLASS = YES_ERROR;
				CLANG_WARN_RANGE_LOOP_ANALYSIS = YES;
				CLANG_WARN_STRICT_PROTOTYPES = YES;
				CLANG_WARN_SUSPICIOUS_MOVE = YES;
				CLANG_WARN_UNGUARDED_AVAILABILITY = YES_AGGRESSIVE;
				CLANG_WARN_UNREACHABLE_CODE = YES;
				CLANG_WARN__DUPLICATE_METHOD_MATCH = YES;
				CODE_SIGN_IDENTITY = "iPhone Developer";
				COPY_PHASE_STRIP = NO;
				DEBUG_INFORMATION_FORMAT = dwarf;
				ENABLE_STRICT_OBJC_MSGSEND = YES;
				ENABLE_TESTABILITY = YES;
				GCC_C_LANGUAGE_STANDARD = gnu11;
				GCC_DYNAMIC_NO_PIC = NO;
				GCC_NO_COMMON_BLOCKS = YES;
				GCC_OPTIMIZATION_LEVEL = 0;
				GCC_PREPROCESSOR_DEFINITIONS = (
					"DEBUG=1",
					"$(inherited)",
				);
				GCC_WARN_64_TO_32_BIT_CONVERSION = YES;
				GCC_WARN_ABOUT_RETURN_TYPE = YES_ERROR;
				GCC_WARN_UNDECLARED_SELECTOR = YES;
				GCC_WARN_UNINITIALIZED_AUTOS = YES_AGGRESSIVE;
				GCC_WARN_UNUSED_FUNCTION = YES;
				GCC_WARN_UNUSED_VARIABLE = YES;
				IPHONEOS_DEPLOYMENT_TARGET = 12.2;
				MTL_ENABLE_DEBUG_INFO = INCLUDE_SOURCE;
				MTL_FAST_MATH = YES;
				ONLY_ACTIVE_ARCH = YES;
				SDKROOT = iphoneos;
				SWIFT_ACTIVE_COMPILATION_CONDITIONS = DEBUG;
				SWIFT_OPTIMIZATION_LEVEL = "-Onone";
			};
			name = Debug;
		};
		AA13A4E92272042700A01FA5 /* Release */ = {
			isa = XCBuildConfiguration;
			buildSettings = {
				ALWAYS_SEARCH_USER_PATHS = NO;
				CLANG_ANALYZER_NONNULL = YES;
				CLANG_ANALYZER_NUMBER_OBJECT_CONVERSION = YES_AGGRESSIVE;
				CLANG_CXX_LANGUAGE_STANDARD = "gnu++14";
				CLANG_CXX_LIBRARY = "libc++";
				CLANG_ENABLE_MODULES = YES;
				CLANG_ENABLE_OBJC_ARC = YES;
				CLANG_ENABLE_OBJC_WEAK = YES;
				CLANG_WARN_BLOCK_CAPTURE_AUTORELEASING = YES;
				CLANG_WARN_BOOL_CONVERSION = YES;
				CLANG_WARN_COMMA = YES;
				CLANG_WARN_CONSTANT_CONVERSION = YES;
				CLANG_WARN_DEPRECATED_OBJC_IMPLEMENTATIONS = YES;
				CLANG_WARN_DIRECT_OBJC_ISA_USAGE = YES_ERROR;
				CLANG_WARN_DOCUMENTATION_COMMENTS = YES;
				CLANG_WARN_EMPTY_BODY = YES;
				CLANG_WARN_ENUM_CONVERSION = YES;
				CLANG_WARN_INFINITE_RECURSION = YES;
				CLANG_WARN_INT_CONVERSION = YES;
				CLANG_WARN_NON_LITERAL_NULL_CONVERSION = YES;
				CLANG_WARN_OBJC_IMPLICIT_RETAIN_SELF = YES;
				CLANG_WARN_OBJC_LITERAL_CONVERSION = YES;
				CLANG_WARN_OBJC_ROOT_CLASS = YES_ERROR;
				CLANG_WARN_RANGE_LOOP_ANALYSIS = YES;
				CLANG_WARN_STRICT_PROTOTYPES = YES;
				CLANG_WARN_SUSPICIOUS_MOVE = YES;
				CLANG_WARN_UNGUARDED_AVAILABILITY = YES_AGGRESSIVE;
				CLANG_WARN_UNREACHABLE_CODE = YES;
				CLANG_WARN__DUPLICATE_METHOD_MATCH = YES;
				CODE_SIGN_IDENTITY = "iPhone Developer";
				COPY_PHASE_STRIP = NO;
				DEBUG_INFORMATION_FORMAT = "dwarf-with-dsym";
				ENABLE_NS_ASSERTIONS = NO;
				ENABLE_STRICT_OBJC_MSGSEND = YES;
				GCC_C_LANGUAGE_STANDARD = gnu11;
				GCC_NO_COMMON_BLOCKS = YES;
				GCC_WARN_64_TO_32_BIT_CONVERSION = YES;
				GCC_WARN_ABOUT_RETURN_TYPE = YES_ERROR;
				GCC_WARN_UNDECLARED_SELECTOR = YES;
				GCC_WARN_UNINITIALIZED_AUTOS = YES_AGGRESSIVE;
				GCC_WARN_UNUSED_FUNCTION = YES;
				GCC_WARN_UNUSED_VARIABLE = YES;
				IPHONEOS_DEPLOYMENT_TARGET = 12.2;
				MTL_ENABLE_DEBUG_INFO = NO;
				MTL_FAST_MATH = YES;
				SDKROOT = iphoneos;
				SWIFT_COMPILATION_MODE = wholemodule;
				SWIFT_OPTIMIZATION_LEVEL = "-O";
				VALIDATE_PRODUCT = YES;
			};
			name = Release;
		};
		AA13A4EB2272042700A01FA5 /* Debug */ = {
			isa = XCBuildConfiguration;
			buildSettings = {
				ASSETCATALOG_COMPILER_APPICON_NAME = AppIcon;
				CODE_SIGN_STYLE = Automatic;
				INFOPLIST_FILE = PirateShips/Info.plist;
				LD_RUNPATH_SEARCH_PATHS = (
					"$(inherited)",
					"@executable_path/Frameworks",
				);
				PRODUCT_BUNDLE_IDENTIFIER = com.talesp.PirateShips;
				PRODUCT_NAME = "$(TARGET_NAME)";
				SWIFT_VERSION = 5.0;
				TARGETED_DEVICE_FAMILY = "1,2";
			};
			name = Debug;
		};
		AA13A4EC2272042700A01FA5 /* Release */ = {
			isa = XCBuildConfiguration;
			buildSettings = {
				ASSETCATALOG_COMPILER_APPICON_NAME = AppIcon;
				CODE_SIGN_STYLE = Automatic;
				INFOPLIST_FILE = PirateShips/Info.plist;
				LD_RUNPATH_SEARCH_PATHS = (
					"$(inherited)",
					"@executable_path/Frameworks",
				);
				PRODUCT_BUNDLE_IDENTIFIER = com.talesp.PirateShips;
				PRODUCT_NAME = "$(TARGET_NAME)";
				SWIFT_VERSION = 5.0;
				TARGETED_DEVICE_FAMILY = "1,2";
			};
			name = Release;
		};
		AA13A4EE2272042700A01FA5 /* Debug */ = {
			isa = XCBuildConfiguration;
			buildSettings = {
				ALWAYS_EMBED_SWIFT_STANDARD_LIBRARIES = YES;
				BUNDLE_LOADER = "$(TEST_HOST)";
				CODE_SIGN_STYLE = Automatic;
				INFOPLIST_FILE = PirateShipsTests/Info.plist;
				LD_RUNPATH_SEARCH_PATHS = (
					"$(inherited)",
					"@executable_path/Frameworks",
					"@loader_path/Frameworks",
				);
				PRODUCT_BUNDLE_IDENTIFIER = com.talesp.PirateShipsTests;
				PRODUCT_NAME = "$(TARGET_NAME)";
				SWIFT_VERSION = 5.0;
				TARGETED_DEVICE_FAMILY = "1,2";
				TEST_HOST = "$(BUILT_PRODUCTS_DIR)/PirateShips.app/PirateShips";
			};
			name = Debug;
		};
		AA13A4EF2272042700A01FA5 /* Release */ = {
			isa = XCBuildConfiguration;
			buildSettings = {
				ALWAYS_EMBED_SWIFT_STANDARD_LIBRARIES = YES;
				BUNDLE_LOADER = "$(TEST_HOST)";
				CODE_SIGN_STYLE = Automatic;
				INFOPLIST_FILE = PirateShipsTests/Info.plist;
				LD_RUNPATH_SEARCH_PATHS = (
					"$(inherited)",
					"@executable_path/Frameworks",
					"@loader_path/Frameworks",
				);
				PRODUCT_BUNDLE_IDENTIFIER = com.talesp.PirateShipsTests;
				PRODUCT_NAME = "$(TARGET_NAME)";
				SWIFT_VERSION = 5.0;
				TARGETED_DEVICE_FAMILY = "1,2";
				TEST_HOST = "$(BUILT_PRODUCTS_DIR)/PirateShips.app/PirateShips";
			};
			name = Release;
		};
/* End XCBuildConfiguration section */

/* Begin XCConfigurationList section */
		AA13A4C82272042300A01FA5 /* Build configuration list for PBXProject "PirateShips" */ = {
			isa = XCConfigurationList;
			buildConfigurations = (
				AA13A4E82272042700A01FA5 /* Debug */,
				AA13A4E92272042700A01FA5 /* Release */,
			);
			defaultConfigurationIsVisible = 0;
			defaultConfigurationName = Release;
		};
		AA13A4EA2272042700A01FA5 /* Build configuration list for PBXNativeTarget "PirateShips" */ = {
			isa = XCConfigurationList;
			buildConfigurations = (
				AA13A4EB2272042700A01FA5 /* Debug */,
				AA13A4EC2272042700A01FA5 /* Release */,
			);
			defaultConfigurationIsVisible = 0;
			defaultConfigurationName = Release;
		};
		AA13A4ED2272042700A01FA5 /* Build configuration list for PBXNativeTarget "PirateShipsTests" */ = {
			isa = XCConfigurationList;
			buildConfigurations = (
				AA13A4EE2272042700A01FA5 /* Debug */,
				AA13A4EF2272042700A01FA5 /* Release */,
			);
			defaultConfigurationIsVisible = 0;
			defaultConfigurationName = Release;
		};
/* End XCConfigurationList section */
	};
	rootObject = AA13A4C52272042300A01FA5 /* Project object */;
}
